// !$*UTF8*$!
{
	archiveVersion = 1;
	classes = {
	};
	objectVersion = 46;
	objects = {

/* Begin PBXBuildFile section */
		F4484EF61D05B9B90050A5D0 /* AppDelegate.swift in Sources */ = {isa = PBXBuildFile; fileRef = F4484EF51D05B9B90050A5D0 /* AppDelegate.swift */; };
		F4484EF81D05B9B90050A5D0 /* ViewController.swift in Sources */ = {isa = PBXBuildFile; fileRef = F4484EF71D05B9B90050A5D0 /* ViewController.swift */; };
		F4484EFB1D05B9B90050A5D0 /* Main.storyboard in Resources */ = {isa = PBXBuildFile; fileRef = F4484EF91D05B9B90050A5D0 /* Main.storyboard */; };
		F4484EFD1D05B9B90050A5D0 /* Assets.xcassets in Resources */ = {isa = PBXBuildFile; fileRef = F4484EFC1D05B9B90050A5D0 /* Assets.xcassets */; };
		F4484F001D05B9B90050A5D0 /* LaunchScreen.storyboard in Resources */ = {isa = PBXBuildFile; fileRef = F4484EFE1D05B9B90050A5D0 /* LaunchScreen.storyboard */; };
		F4484F0B1D05B9BA0050A5D0 /* HealthAppTests.swift in Sources */ = {isa = PBXBuildFile; fileRef = F4484F0A1D05B9BA0050A5D0 /* HealthAppTests.swift */; };
		F4484F161D05B9BA0050A5D0 /* HealthAppUITests.swift in Sources */ = {isa = PBXBuildFile; fileRef = F4484F151D05B9BA0050A5D0 /* HealthAppUITests.swift */; };
		F4484F2D1D05B9FA0050A5D0 /* ResearchKit.framework in Frameworks */ = {isa = PBXBuildFile; fileRef = F4484F2A1D05B9F10050A5D0 /* ResearchKit.framework */; };
		F4484F2E1D05B9FA0050A5D0 /* ResearchKit.framework in Embed Frameworks */ = {isa = PBXBuildFile; fileRef = F4484F2A1D05B9F10050A5D0 /* ResearchKit.framework */; settings = {ATTRIBUTES = (CodeSignOnCopy, RemoveHeadersOnCopy, ); }; };
		F4484F331D05BA280050A5D0 /* SurveyTask.swift in Sources */ = {isa = PBXBuildFile; fileRef = F4484F321D05BA280050A5D0 /* SurveyTask.swift */; };
		F450FA141D19B206003A6DC9 /* SwiftHTTP.framework in Frameworks */ = {isa = PBXBuildFile; fileRef = F450FA071D19B1F9003A6DC9 /* SwiftHTTP.framework */; };
		F450FA151D19B206003A6DC9 /* SwiftHTTP.framework in Embed Frameworks */ = {isa = PBXBuildFile; fileRef = F450FA071D19B1F9003A6DC9 /* SwiftHTTP.framework */; settings = {ATTRIBUTES = (CodeSignOnCopy, RemoveHeadersOnCopy, ); }; };
		F450FA191D19BFA5003A6DC9 /* AEXML.swift in Sources */ = {isa = PBXBuildFile; fileRef = F450FA181D19BFA5003A6DC9 /* AEXML.swift */; };
		F450FA1B1D19BFF6003A6DC9 /* AlgoFunctions.swift in Sources */ = {isa = PBXBuildFile; fileRef = F450FA1A1D19BFF6003A6DC9 /* AlgoFunctions.swift */; };
		F450FA1D1D19C2D3003A6DC9 /* XMLCreation.swift in Sources */ = {isa = PBXBuildFile; fileRef = F450FA1C1D19C2D3003A6DC9 /* XMLCreation.swift */; };
/* End PBXBuildFile section */

/* Begin PBXContainerItemProxy section */
		F4484F071D05B9BA0050A5D0 /* PBXContainerItemProxy */ = {
			isa = PBXContainerItemProxy;
			containerPortal = F4484EEA1D05B9B90050A5D0 /* Project object */;
			proxyType = 1;
			remoteGlobalIDString = F4484EF11D05B9B90050A5D0;
			remoteInfo = HealthApp;
		};
		F4484F121D05B9BA0050A5D0 /* PBXContainerItemProxy */ = {
			isa = PBXContainerItemProxy;
			containerPortal = F4484EEA1D05B9B90050A5D0 /* Project object */;
			proxyType = 1;
			remoteGlobalIDString = F4484EF11D05B9B90050A5D0;
			remoteInfo = HealthApp;
		};
		F4484F291D05B9F10050A5D0 /* PBXContainerItemProxy */ = {
			isa = PBXContainerItemProxy;
			containerPortal = F4484F231D05B9F10050A5D0 /* ResearchKit.xcodeproj */;
			proxyType = 2;
			remoteGlobalIDString = B183A5951A8535D100C76870;
			remoteInfo = ResearchKit;
		};
		F4484F2B1D05B9F10050A5D0 /* PBXContainerItemProxy */ = {
			isa = PBXContainerItemProxy;
			containerPortal = F4484F231D05B9F10050A5D0 /* ResearchKit.xcodeproj */;
			proxyType = 2;
			remoteGlobalIDString = 86CC8E9A1AC09332001CCD89;
			remoteInfo = ResearchKitTests;
		};
		F4484F2F1D05B9FA0050A5D0 /* PBXContainerItemProxy */ = {
			isa = PBXContainerItemProxy;
			containerPortal = F4484F231D05B9F10050A5D0 /* ResearchKit.xcodeproj */;
			proxyType = 1;
			remoteGlobalIDString = B183A4731A8535D100C76870;
			remoteInfo = ResearchKit;
		};
		F450FA061D19B1F9003A6DC9 /* PBXContainerItemProxy */ = {
			isa = PBXContainerItemProxy;
			containerPortal = F450F9FA1D19B1F8003A6DC9 /* SwiftHTTP.xcodeproj */;
			proxyType = 2;
			remoteGlobalIDString = 6BFD901619C8D8B500DD99B6;
			remoteInfo = SwiftHTTP;
		};
		F450FA081D19B1F9003A6DC9 /* PBXContainerItemProxy */ = {
			isa = PBXContainerItemProxy;
			containerPortal = F450F9FA1D19B1F8003A6DC9 /* SwiftHTTP.xcodeproj */;
			proxyType = 2;
			remoteGlobalIDString = 6BFD902119C8D8B500DD99B6;
			remoteInfo = SwiftHTTPTests;
		};
		F450FA0A1D19B1F9003A6DC9 /* PBXContainerItemProxy */ = {
			isa = PBXContainerItemProxy;
			containerPortal = F450F9FA1D19B1F8003A6DC9 /* SwiftHTTP.xcodeproj */;
			proxyType = 2;
			remoteGlobalIDString = D958025919E6EEEB003C8218;
			remoteInfo = SwiftHTTPOSX;
		};
		F450FA0C1D19B1F9003A6DC9 /* PBXContainerItemProxy */ = {
			isa = PBXContainerItemProxy;
			containerPortal = F450F9FA1D19B1F8003A6DC9 /* SwiftHTTP.xcodeproj */;
			proxyType = 2;
			remoteGlobalIDString = D958026319E6EEEB003C8218;
			remoteInfo = SwiftHTTPOSXTests;
		};
		F450FA0E1D19B1F9003A6DC9 /* PBXContainerItemProxy */ = {
			isa = PBXContainerItemProxy;
			containerPortal = F450F9FA1D19B1F8003A6DC9 /* SwiftHTTP.xcodeproj */;
			proxyType = 2;
			remoteGlobalIDString = 5C135EC11C4733CD00AA3A01;
			remoteInfo = SwiftHTTPtvOS;
		};
		F450FA101D19B1F9003A6DC9 /* PBXContainerItemProxy */ = {
			isa = PBXContainerItemProxy;
			containerPortal = F450F9FA1D19B1F8003A6DC9 /* SwiftHTTP.xcodeproj */;
			proxyType = 2;
			remoteGlobalIDString = 5C135ECA1C4733CE00AA3A01;
			remoteInfo = SwiftHTTPtvOSTests;
		};
		F450FA121D19B1F9003A6DC9 /* PBXContainerItemProxy */ = {
			isa = PBXContainerItemProxy;
			containerPortal = F450F9FA1D19B1F8003A6DC9 /* SwiftHTTP.xcodeproj */;
			proxyType = 2;
			remoteGlobalIDString = 5C135FA91C4737E200AA3A01;
			remoteInfo = SwiftHTTPWatchOS;
		};
		F450FA161D19B206003A6DC9 /* PBXContainerItemProxy */ = {
			isa = PBXContainerItemProxy;
			containerPortal = F450F9FA1D19B1F8003A6DC9 /* SwiftHTTP.xcodeproj */;
			proxyType = 1;
			remoteGlobalIDString = 6BFD901519C8D8B500DD99B6;
			remoteInfo = SwiftHTTP;
		};
/* End PBXContainerItemProxy section */

/* Begin PBXCopyFilesBuildPhase section */
		F4484F311D05B9FA0050A5D0 /* Embed Frameworks */ = {
			isa = PBXCopyFilesBuildPhase;
			buildActionMask = 2147483647;
			dstPath = "";
			dstSubfolderSpec = 10;
			files = (
				F450FA151D19B206003A6DC9 /* SwiftHTTP.framework in Embed Frameworks */,
				F4484F2E1D05B9FA0050A5D0 /* ResearchKit.framework in Embed Frameworks */,
			);
			name = "Embed Frameworks";
			runOnlyForDeploymentPostprocessing = 0;
		};
/* End PBXCopyFilesBuildPhase section */

/* Begin PBXFileReference section */
		F4484EF21D05B9B90050A5D0 /* HealthApp.app */ = {isa = PBXFileReference; explicitFileType = wrapper.application; includeInIndex = 0; path = HealthApp.app; sourceTree = BUILT_PRODUCTS_DIR; };
		F4484EF51D05B9B90050A5D0 /* AppDelegate.swift */ = {isa = PBXFileReference; lastKnownFileType = sourcecode.swift; path = AppDelegate.swift; sourceTree = "<group>"; };
		F4484EF71D05B9B90050A5D0 /* ViewController.swift */ = {isa = PBXFileReference; lastKnownFileType = sourcecode.swift; path = ViewController.swift; sourceTree = "<group>"; };
		F4484EFA1D05B9B90050A5D0 /* Base */ = {isa = PBXFileReference; lastKnownFileType = file.storyboard; name = Base; path = Base.lproj/Main.storyboard; sourceTree = "<group>"; };
		F4484EFC1D05B9B90050A5D0 /* Assets.xcassets */ = {isa = PBXFileReference; lastKnownFileType = folder.assetcatalog; path = Assets.xcassets; sourceTree = "<group>"; };
		F4484EFF1D05B9B90050A5D0 /* Base */ = {isa = PBXFileReference; lastKnownFileType = file.storyboard; name = Base; path = Base.lproj/LaunchScreen.storyboard; sourceTree = "<group>"; };
		F4484F011D05B9B90050A5D0 /* Info.plist */ = {isa = PBXFileReference; lastKnownFileType = text.plist.xml; path = Info.plist; sourceTree = "<group>"; };
		F4484F061D05B9BA0050A5D0 /* HealthAppTests.xctest */ = {isa = PBXFileReference; explicitFileType = wrapper.cfbundle; includeInIndex = 0; path = HealthAppTests.xctest; sourceTree = BUILT_PRODUCTS_DIR; };
		F4484F0A1D05B9BA0050A5D0 /* HealthAppTests.swift */ = {isa = PBXFileReference; lastKnownFileType = sourcecode.swift; path = HealthAppTests.swift; sourceTree = "<group>"; };
		F4484F0C1D05B9BA0050A5D0 /* Info.plist */ = {isa = PBXFileReference; lastKnownFileType = text.plist.xml; path = Info.plist; sourceTree = "<group>"; };
		F4484F111D05B9BA0050A5D0 /* HealthAppUITests.xctest */ = {isa = PBXFileReference; explicitFileType = wrapper.cfbundle; includeInIndex = 0; path = HealthAppUITests.xctest; sourceTree = BUILT_PRODUCTS_DIR; };
		F4484F151D05B9BA0050A5D0 /* HealthAppUITests.swift */ = {isa = PBXFileReference; lastKnownFileType = sourcecode.swift; path = HealthAppUITests.swift; sourceTree = "<group>"; };
		F4484F171D05B9BA0050A5D0 /* Info.plist */ = {isa = PBXFileReference; lastKnownFileType = text.plist.xml; path = Info.plist; sourceTree = "<group>"; };
		F4484F231D05B9F10050A5D0 /* ResearchKit.xcodeproj */ = {isa = PBXFileReference; lastKnownFileType = "wrapper.pb-project"; name = ResearchKit.xcodeproj; path = "../ResearchKit-master/ResearchKit.xcodeproj"; sourceTree = "<group>"; };
		F4484F321D05BA280050A5D0 /* SurveyTask.swift */ = {isa = PBXFileReference; fileEncoding = 4; lastKnownFileType = sourcecode.swift; path = SurveyTask.swift; sourceTree = "<group>"; };
		F450F9FA1D19B1F8003A6DC9 /* SwiftHTTP.xcodeproj */ = {isa = PBXFileReference; lastKnownFileType = "wrapper.pb-project"; name = SwiftHTTP.xcodeproj; path = "../SwiftHTTP-master/SwiftHTTP.xcodeproj"; sourceTree = "<group>"; };
		F450FA181D19BFA5003A6DC9 /* AEXML.swift */ = {isa = PBXFileReference; fileEncoding = 4; lastKnownFileType = sourcecode.swift; path = AEXML.swift; sourceTree = "<group>"; };
		F450FA1A1D19BFF6003A6DC9 /* AlgoFunctions.swift */ = {isa = PBXFileReference; fileEncoding = 4; lastKnownFileType = sourcecode.swift; path = AlgoFunctions.swift; sourceTree = "<group>"; };
		F450FA1C1D19C2D3003A6DC9 /* XMLCreation.swift */ = {isa = PBXFileReference; fileEncoding = 4; lastKnownFileType = sourcecode.swift; path = XMLCreation.swift; sourceTree = "<group>"; };
/* End PBXFileReference section */

/* Begin PBXFrameworksBuildPhase section */
		F4484EEF1D05B9B90050A5D0 /* Frameworks */ = {
			isa = PBXFrameworksBuildPhase;
			buildActionMask = 2147483647;
			files = (
				F450FA141D19B206003A6DC9 /* SwiftHTTP.framework in Frameworks */,
				F4484F2D1D05B9FA0050A5D0 /* ResearchKit.framework in Frameworks */,
			);
			runOnlyForDeploymentPostprocessing = 0;
		};
		F4484F031D05B9BA0050A5D0 /* Frameworks */ = {
			isa = PBXFrameworksBuildPhase;
			buildActionMask = 2147483647;
			files = (
			);
			runOnlyForDeploymentPostprocessing = 0;
		};
		F4484F0E1D05B9BA0050A5D0 /* Frameworks */ = {
			isa = PBXFrameworksBuildPhase;
			buildActionMask = 2147483647;
			files = (
			);
			runOnlyForDeploymentPostprocessing = 0;
		};
/* End PBXFrameworksBuildPhase section */

/* Begin PBXGroup section */
		F4484EE91D05B9B90050A5D0 = {
			isa = PBXGroup;
			children = (
				F450F9FA1D19B1F8003A6DC9 /* SwiftHTTP.xcodeproj */,
				F4484F231D05B9F10050A5D0 /* ResearchKit.xcodeproj */,
				F4484EF41D05B9B90050A5D0 /* HealthApp */,
				F4484F091D05B9BA0050A5D0 /* HealthAppTests */,
				F4484F141D05B9BA0050A5D0 /* HealthAppUITests */,
				F4484EF31D05B9B90050A5D0 /* Products */,
			);
			sourceTree = "<group>";
		};
		F4484EF31D05B9B90050A5D0 /* Products */ = {
			isa = PBXGroup;
			children = (
				F4484EF21D05B9B90050A5D0 /* HealthApp.app */,
				F4484F061D05B9BA0050A5D0 /* HealthAppTests.xctest */,
				F4484F111D05B9BA0050A5D0 /* HealthAppUITests.xctest */,
			);
			name = Products;
			sourceTree = "<group>";
		};
		F4484EF41D05B9B90050A5D0 /* HealthApp */ = {
			isa = PBXGroup;
			children = (
				F4484EF51D05B9B90050A5D0 /* AppDelegate.swift */,
				F4484EF71D05B9B90050A5D0 /* ViewController.swift */,
				F4484EF91D05B9B90050A5D0 /* Main.storyboard */,
				F4484EFC1D05B9B90050A5D0 /* Assets.xcassets */,
				F4484EFE1D05B9B90050A5D0 /* LaunchScreen.storyboard */,
				F4484F011D05B9B90050A5D0 /* Info.plist */,
				F4484F321D05BA280050A5D0 /* SurveyTask.swift */,
				F450FA181D19BFA5003A6DC9 /* AEXML.swift */,
				F450FA1A1D19BFF6003A6DC9 /* AlgoFunctions.swift */,
				F450FA1C1D19C2D3003A6DC9 /* XMLCreation.swift */,
			);
			path = HealthApp;
			sourceTree = "<group>";
		};
		F4484F091D05B9BA0050A5D0 /* HealthAppTests */ = {
			isa = PBXGroup;
			children = (
				F4484F0A1D05B9BA0050A5D0 /* HealthAppTests.swift */,
				F4484F0C1D05B9BA0050A5D0 /* Info.plist */,
			);
			path = HealthAppTests;
			sourceTree = "<group>";
		};
		F4484F141D05B9BA0050A5D0 /* HealthAppUITests */ = {
			isa = PBXGroup;
			children = (
				F4484F151D05B9BA0050A5D0 /* HealthAppUITests.swift */,
				F4484F171D05B9BA0050A5D0 /* Info.plist */,
			);
			path = HealthAppUITests;
			sourceTree = "<group>";
		};
		F4484F241D05B9F10050A5D0 /* Products */ = {
			isa = PBXGroup;
			children = (
				F4484F2A1D05B9F10050A5D0 /* ResearchKit.framework */,
				F4484F2C1D05B9F10050A5D0 /* ResearchKitTests.xctest */,
			);
			name = Products;
			sourceTree = "<group>";
		};
		F450F9FB1D19B1F8003A6DC9 /* Products */ = {
			isa = PBXGroup;
			children = (
				F450FA071D19B1F9003A6DC9 /* SwiftHTTP.framework */,
				F450FA091D19B1F9003A6DC9 /* SwiftHTTPTests.xctest */,
				F450FA0B1D19B1F9003A6DC9 /* SwiftHTTP.framework */,
				F450FA0D1D19B1F9003A6DC9 /* SwiftHTTPOSXTests.xctest */,
				F450FA0F1D19B1F9003A6DC9 /* SwiftHTTP.framework */,
				F450FA111D19B1F9003A6DC9 /* SwiftHTTPtvOSTests.xctest */,
				F450FA131D19B1F9003A6DC9 /* SwiftHTTP.framework */,
			);
			name = Products;
			sourceTree = "<group>";
		};
/* End PBXGroup section */

/* Begin PBXNativeTarget section */
		F4484EF11D05B9B90050A5D0 /* HealthApp */ = {
			isa = PBXNativeTarget;
			buildConfigurationList = F4484F1A1D05B9BA0050A5D0 /* Build configuration list for PBXNativeTarget "HealthApp" */;
			buildPhases = (
				F4484EEE1D05B9B90050A5D0 /* Sources */,
				F4484EEF1D05B9B90050A5D0 /* Frameworks */,
				F4484EF01D05B9B90050A5D0 /* Resources */,
				F4484F311D05B9FA0050A5D0 /* Embed Frameworks */,
			);
			buildRules = (
			);
			dependencies = (
				F4484F301D05B9FA0050A5D0 /* PBXTargetDependency */,
				F450FA171D19B206003A6DC9 /* PBXTargetDependency */,
			);
			name = HealthApp;
			productName = HealthApp;
			productReference = F4484EF21D05B9B90050A5D0 /* HealthApp.app */;
			productType = "com.apple.product-type.application";
		};
		F4484F051D05B9BA0050A5D0 /* HealthAppTests */ = {
			isa = PBXNativeTarget;
			buildConfigurationList = F4484F1D1D05B9BA0050A5D0 /* Build configuration list for PBXNativeTarget "HealthAppTests" */;
			buildPhases = (
				F4484F021D05B9BA0050A5D0 /* Sources */,
				F4484F031D05B9BA0050A5D0 /* Frameworks */,
				F4484F041D05B9BA0050A5D0 /* Resources */,
			);
			buildRules = (
			);
			dependencies = (
				F4484F081D05B9BA0050A5D0 /* PBXTargetDependency */,
			);
			name = HealthAppTests;
			productName = HealthAppTests;
			productReference = F4484F061D05B9BA0050A5D0 /* HealthAppTests.xctest */;
			productType = "com.apple.product-type.bundle.unit-test";
		};
		F4484F101D05B9BA0050A5D0 /* HealthAppUITests */ = {
			isa = PBXNativeTarget;
			buildConfigurationList = F4484F201D05B9BA0050A5D0 /* Build configuration list for PBXNativeTarget "HealthAppUITests" */;
			buildPhases = (
				F4484F0D1D05B9BA0050A5D0 /* Sources */,
				F4484F0E1D05B9BA0050A5D0 /* Frameworks */,
				F4484F0F1D05B9BA0050A5D0 /* Resources */,
			);
			buildRules = (
			);
			dependencies = (
				F4484F131D05B9BA0050A5D0 /* PBXTargetDependency */,
			);
			name = HealthAppUITests;
			productName = HealthAppUITests;
			productReference = F4484F111D05B9BA0050A5D0 /* HealthAppUITests.xctest */;
			productType = "com.apple.product-type.bundle.ui-testing";
		};
/* End PBXNativeTarget section */

/* Begin PBXProject section */
		F4484EEA1D05B9B90050A5D0 /* Project object */ = {
			isa = PBXProject;
			attributes = {
				LastSwiftUpdateCheck = 0730;
				LastUpgradeCheck = 0730;
				ORGANIZATIONNAME = "Jayanth Kanugo";
				TargetAttributes = {
					F4484EF11D05B9B90050A5D0 = {
						CreatedOnToolsVersion = 7.3.1;
					};
					F4484F051D05B9BA0050A5D0 = {
						CreatedOnToolsVersion = 7.3.1;
						TestTargetID = F4484EF11D05B9B90050A5D0;
					};
					F4484F101D05B9BA0050A5D0 = {
						CreatedOnToolsVersion = 7.3.1;
						TestTargetID = F4484EF11D05B9B90050A5D0;
					};
				};
			};
			buildConfigurationList = F4484EED1D05B9B90050A5D0 /* Build configuration list for PBXProject "HealthApp" */;
			compatibilityVersion = "Xcode 3.2";
			developmentRegion = English;
			hasScannedForEncodings = 0;
			knownRegions = (
				en,
				Base,
			);
			mainGroup = F4484EE91D05B9B90050A5D0;
			productRefGroup = F4484EF31D05B9B90050A5D0 /* Products */;
			projectDirPath = "";
			projectReferences = (
				{
					ProductGroup = F4484F241D05B9F10050A5D0 /* Products */;
					ProjectRef = F4484F231D05B9F10050A5D0 /* ResearchKit.xcodeproj */;
				},
				{
					ProductGroup = F450F9FB1D19B1F8003A6DC9 /* Products */;
					ProjectRef = F450F9FA1D19B1F8003A6DC9 /* SwiftHTTP.xcodeproj */;
				},
			);
			projectRoot = "";
			targets = (
				F4484EF11D05B9B90050A5D0 /* HealthApp */,
				F4484F051D05B9BA0050A5D0 /* HealthAppTests */,
				F4484F101D05B9BA0050A5D0 /* HealthAppUITests */,
			);
		};
/* End PBXProject section */

/* Begin PBXReferenceProxy section */
		F4484F2A1D05B9F10050A5D0 /* ResearchKit.framework */ = {
			isa = PBXReferenceProxy;
			fileType = wrapper.framework;
			path = ResearchKit.framework;
			remoteRef = F4484F291D05B9F10050A5D0 /* PBXContainerItemProxy */;
			sourceTree = BUILT_PRODUCTS_DIR;
		};
		F4484F2C1D05B9F10050A5D0 /* ResearchKitTests.xctest */ = {
			isa = PBXReferenceProxy;
			fileType = wrapper.cfbundle;
			path = ResearchKitTests.xctest;
			remoteRef = F4484F2B1D05B9F10050A5D0 /* PBXContainerItemProxy */;
			sourceTree = BUILT_PRODUCTS_DIR;
		};
		F450FA071D19B1F9003A6DC9 /* SwiftHTTP.framework */ = {
			isa = PBXReferenceProxy;
			fileType = wrapper.framework;
			path = SwiftHTTP.framework;
			remoteRef = F450FA061D19B1F9003A6DC9 /* PBXContainerItemProxy */;
			sourceTree = BUILT_PRODUCTS_DIR;
		};
		F450FA091D19B1F9003A6DC9 /* SwiftHTTPTests.xctest */ = {
			isa = PBXReferenceProxy;
			fileType = wrapper.cfbundle;
			path = SwiftHTTPTests.xctest;
			remoteRef = F450FA081D19B1F9003A6DC9 /* PBXContainerItemProxy */;
			sourceTree = BUILT_PRODUCTS_DIR;
		};
		F450FA0B1D19B1F9003A6DC9 /* SwiftHTTP.framework */ = {
			isa = PBXReferenceProxy;
			fileType = wrapper.framework;
			path = SwiftHTTP.framework;
			remoteRef = F450FA0A1D19B1F9003A6DC9 /* PBXContainerItemProxy */;
			sourceTree = BUILT_PRODUCTS_DIR;
		};
		F450FA0D1D19B1F9003A6DC9 /* SwiftHTTPOSXTests.xctest */ = {
			isa = PBXReferenceProxy;
			fileType = wrapper.cfbundle;
			path = SwiftHTTPOSXTests.xctest;
			remoteRef = F450FA0C1D19B1F9003A6DC9 /* PBXContainerItemProxy */;
			sourceTree = BUILT_PRODUCTS_DIR;
		};
		F450FA0F1D19B1F9003A6DC9 /* SwiftHTTP.framework */ = {
			isa = PBXReferenceProxy;
			fileType = wrapper.framework;
			path = SwiftHTTP.framework;
			remoteRef = F450FA0E1D19B1F9003A6DC9 /* PBXContainerItemProxy */;
			sourceTree = BUILT_PRODUCTS_DIR;
		};
		F450FA111D19B1F9003A6DC9 /* SwiftHTTPtvOSTests.xctest */ = {
			isa = PBXReferenceProxy;
			fileType = wrapper.cfbundle;
			path = SwiftHTTPtvOSTests.xctest;
			remoteRef = F450FA101D19B1F9003A6DC9 /* PBXContainerItemProxy */;
			sourceTree = BUILT_PRODUCTS_DIR;
		};
		F450FA131D19B1F9003A6DC9 /* SwiftHTTP.framework */ = {
			isa = PBXReferenceProxy;
			fileType = wrapper.framework;
			path = SwiftHTTP.framework;
			remoteRef = F450FA121D19B1F9003A6DC9 /* PBXContainerItemProxy */;
			sourceTree = BUILT_PRODUCTS_DIR;
		};
/* End PBXReferenceProxy section */

/* Begin PBXResourcesBuildPhase section */
		F4484EF01D05B9B90050A5D0 /* Resources */ = {
			isa = PBXResourcesBuildPhase;
			buildActionMask = 2147483647;
			files = (
				F4484F001D05B9B90050A5D0 /* LaunchScreen.storyboard in Resources */,
				F4484EFD1D05B9B90050A5D0 /* Assets.xcassets in Resources */,
				F4484EFB1D05B9B90050A5D0 /* Main.storyboard in Resources */,
			);
			runOnlyForDeploymentPostprocessing = 0;
		};
		F4484F041D05B9BA0050A5D0 /* Resources */ = {
			isa = PBXResourcesBuildPhase;
			buildActionMask = 2147483647;
			files = (
			);
			runOnlyForDeploymentPostprocessing = 0;
		};
		F4484F0F1D05B9BA0050A5D0 /* Resources */ = {
			isa = PBXResourcesBuildPhase;
			buildActionMask = 2147483647;
			files = (
			);
			runOnlyForDeploymentPostprocessing = 0;
		};
/* End PBXResourcesBuildPhase section */

/* Begin PBXSourcesBuildPhase section */
		F4484EEE1D05B9B90050A5D0 /* Sources */ = {
			isa = PBXSourcesBuildPhase;
			buildActionMask = 2147483647;
			files = (
				F450FA1D1D19C2D3003A6DC9 /* XMLCreation.swift in Sources */,
				F450FA1B1D19BFF6003A6DC9 /* AlgoFunctions.swift in Sources */,
				F4484EF81D05B9B90050A5D0 /* ViewController.swift in Sources */,
				F450FA191D19BFA5003A6DC9 /* AEXML.swift in Sources */,
				F4484EF61D05B9B90050A5D0 /* AppDelegate.swift in Sources */,
				F4484F331D05BA280050A5D0 /* SurveyTask.swift in Sources */,
			);
			runOnlyForDeploymentPostprocessing = 0;
		};
		F4484F021D05B9BA0050A5D0 /* Sources */ = {
			isa = PBXSourcesBuildPhase;
			buildActionMask = 2147483647;
			files = (
				F4484F0B1D05B9BA0050A5D0 /* HealthAppTests.swift in Sources */,
			);
			runOnlyForDeploymentPostprocessing = 0;
		};
		F4484F0D1D05B9BA0050A5D0 /* Sources */ = {
			isa = PBXSourcesBuildPhase;
			buildActionMask = 2147483647;
			files = (
				F4484F161D05B9BA0050A5D0 /* HealthAppUITests.swift in Sources */,
			);
			runOnlyForDeploymentPostprocessing = 0;
		};
/* End PBXSourcesBuildPhase section */

/* Begin PBXTargetDependency section */
		F4484F081D05B9BA0050A5D0 /* PBXTargetDependency */ = {
			isa = PBXTargetDependency;
			target = F4484EF11D05B9B90050A5D0 /* HealthApp */;
			targetProxy = F4484F071D05B9BA0050A5D0 /* PBXContainerItemProxy */;
		};
		F4484F131D05B9BA0050A5D0 /* PBXTargetDependency */ = {
			isa = PBXTargetDependency;
			target = F4484EF11D05B9B90050A5D0 /* HealthApp */;
			targetProxy = F4484F121D05B9BA0050A5D0 /* PBXContainerItemProxy */;
		};
		F4484F301D05B9FA0050A5D0 /* PBXTargetDependency */ = {
			isa = PBXTargetDependency;
			name = ResearchKit;
			targetProxy = F4484F2F1D05B9FA0050A5D0 /* PBXContainerItemProxy */;
		};
		F450FA171D19B206003A6DC9 /* PBXTargetDependency */ = {
			isa = PBXTargetDependency;
			name = SwiftHTTP;
			targetProxy = F450FA161D19B206003A6DC9 /* PBXContainerItemProxy */;
		};
/* End PBXTargetDependency section */

/* Begin PBXVariantGroup section */
		F4484EF91D05B9B90050A5D0 /* Main.storyboard */ = {
			isa = PBXVariantGroup;
			children = (
				F4484EFA1D05B9B90050A5D0 /* Base */,
			);
			name = Main.storyboard;
			sourceTree = "<group>";
		};
		F4484EFE1D05B9B90050A5D0 /* LaunchScreen.storyboard */ = {
			isa = PBXVariantGroup;
			children = (
				F4484EFF1D05B9B90050A5D0 /* Base */,
			);
			name = LaunchScreen.storyboard;
			sourceTree = "<group>";
		};
/* End PBXVariantGroup section */

/* Begin XCBuildConfiguration section */
		F4484F181D05B9BA0050A5D0 /* Debug */ = {
			isa = XCBuildConfiguration;
			buildSettings = {
				ALWAYS_SEARCH_USER_PATHS = NO;
				CLANG_ANALYZER_NONNULL = YES;
				CLANG_CXX_LANGUAGE_STANDARD = "gnu++0x";
				CLANG_CXX_LIBRARY = "libc++";
				CLANG_ENABLE_MODULES = YES;
				CLANG_ENABLE_OBJC_ARC = YES;
				CLANG_WARN_BOOL_CONVERSION = YES;
				CLANG_WARN_CONSTANT_CONVERSION = YES;
				CLANG_WARN_DIRECT_OBJC_ISA_USAGE = YES_ERROR;
				CLANG_WARN_EMPTY_BODY = YES;
				CLANG_WARN_ENUM_CONVERSION = YES;
				CLANG_WARN_INT_CONVERSION = YES;
				CLANG_WARN_OBJC_ROOT_CLASS = YES_ERROR;
				CLANG_WARN_UNREACHABLE_CODE = YES;
				CLANG_WARN__DUPLICATE_METHOD_MATCH = YES;
				"CODE_SIGN_IDENTITY[sdk=iphoneos*]" = "iPhone Developer";
				COPY_PHASE_STRIP = NO;
				DEBUG_INFORMATION_FORMAT = dwarf;
				ENABLE_STRICT_OBJC_MSGSEND = YES;
				ENABLE_TESTABILITY = YES;
				GCC_C_LANGUAGE_STANDARD = gnu99;
				GCC_DYNAMIC_NO_PIC = NO;
				GCC_NO_COMMON_BLOCKS = YES;
				GCC_OPTIMIZATION_LEVEL = 0;
				GCC_PREPROCESSOR_DEFINITIONS = (
					"DEBUG=1",
					"$(inherited)",
				);
				GCC_WARN_64_TO_32_BIT_CONVERSION = YES;
				GCC_WARN_ABOUT_RETURN_TYPE = YES_ERROR;
				GCC_WARN_UNDECLARED_SELECTOR = YES;
				GCC_WARN_UNINITIALIZED_AUTOS = YES_AGGRESSIVE;
				GCC_WARN_UNUSED_FUNCTION = YES;
				GCC_WARN_UNUSED_VARIABLE = YES;
				IPHONEOS_DEPLOYMENT_TARGET = 9.3;
				MTL_ENABLE_DEBUG_INFO = YES;
				ONLY_ACTIVE_ARCH = YES;
				SDKROOT = iphoneos;
				SWIFT_OPTIMIZATION_LEVEL = "-Onone";
				TARGETED_DEVICE_FAMILY = "1,2";
			};
			name = Debug;
		};
		F4484F191D05B9BA0050A5D0 /* Release */ = {
			isa = XCBuildConfiguration;
			buildSettings = {
				ALWAYS_SEARCH_USER_PATHS = NO;
				CLANG_ANALYZER_NONNULL = YES;
				CLANG_CXX_LANGUAGE_STANDARD = "gnu++0x";
				CLANG_CXX_LIBRARY = "libc++";
				CLANG_ENABLE_MODULES = YES;
				CLANG_ENABLE_OBJC_ARC = YES;
				CLANG_WARN_BOOL_CONVERSION = YES;
				CLANG_WARN_CONSTANT_CONVERSION = YES;
				CLANG_WARN_DIRECT_OBJC_ISA_USAGE = YES_ERROR;
				CLANG_WARN_EMPTY_BODY = YES;
				CLANG_WARN_ENUM_CONVERSION = YES;
				CLANG_WARN_INT_CONVERSION = YES;
				CLANG_WARN_OBJC_ROOT_CLASS = YES_ERROR;
				CLANG_WARN_UNREACHABLE_CODE = YES;
				CLANG_WARN__DUPLICATE_METHOD_MATCH = YES;
				"CODE_SIGN_IDENTITY[sdk=iphoneos*]" = "iPhone Developer";
				COPY_PHASE_STRIP = NO;
				DEBUG_INFORMATION_FORMAT = "dwarf-with-dsym";
				ENABLE_NS_ASSERTIONS = NO;
				ENABLE_STRICT_OBJC_MSGSEND = YES;
				GCC_C_LANGUAGE_STANDARD = gnu99;
				GCC_NO_COMMON_BLOCKS = YES;
				GCC_WARN_64_TO_32_BIT_CONVERSION = YES;
				GCC_WARN_ABOUT_RETURN_TYPE = YES_ERROR;
				GCC_WARN_UNDECLARED_SELECTOR = YES;
				GCC_WARN_UNINITIALIZED_AUTOS = YES_AGGRESSIVE;
				GCC_WARN_UNUSED_FUNCTION = YES;
				GCC_WARN_UNUSED_VARIABLE = YES;
				IPHONEOS_DEPLOYMENT_TARGET = 9.3;
				MTL_ENABLE_DEBUG_INFO = NO;
				SDKROOT = iphoneos;
				TARGETED_DEVICE_FAMILY = "1,2";
				VALIDATE_PRODUCT = YES;
			};
			name = Release;
		};
		F4484F1B1D05B9BA0050A5D0 /* Debug */ = {
			isa = XCBuildConfiguration;
			buildSettings = {
				ASSETCATALOG_COMPILER_APPICON_NAME = AppIcon;
				EMBEDDED_CONTENT_CONTAINS_SWIFT = YES;
				INFOPLIST_FILE = HealthApp/Info.plist;
				LD_RUNPATH_SEARCH_PATHS = "$(inherited) @executable_path/Frameworks";
				PRODUCT_BUNDLE_IDENTIFIER = com.jaykanugo.HealthApp;
				PRODUCT_NAME = "$(TARGET_NAME)";
			};
			name = Debug;
		};
		F4484F1C1D05B9BA0050A5D0 /* Release */ = {
			isa = XCBuildConfiguration;
			buildSettings = {
				ASSETCATALOG_COMPILER_APPICON_NAME = AppIcon;
				EMBEDDED_CONTENT_CONTAINS_SWIFT = YES;
				INFOPLIST_FILE = HealthApp/Info.plist;
				LD_RUNPATH_SEARCH_PATHS = "$(inherited) @executable_path/Frameworks";
				PRODUCT_BUNDLE_IDENTIFIER = com.jaykanugo.HealthApp;
				PRODUCT_NAME = "$(TARGET_NAME)";
			};
			name = Release;
		};
		F4484F1E1D05B9BA0050A5D0 /* Debug */ = {
			isa = XCBuildConfiguration;
			buildSettings = {
				BUNDLE_LOADER = "$(TEST_HOST)";
				INFOPLIST_FILE = HealthAppTests/Info.plist;
				LD_RUNPATH_SEARCH_PATHS = "$(inherited) @executable_path/Frameworks @loader_path/Frameworks";
				PRODUCT_BUNDLE_IDENTIFIER = com.jaykanugo.HealthAppTests;
				PRODUCT_NAME = "$(TARGET_NAME)";
				TEST_HOST = "$(BUILT_PRODUCTS_DIR)/HealthApp.app/HealthApp";
			};
			name = Debug;
		};
		F4484F1F1D05B9BA0050A5D0 /* Release */ = {
			isa = XCBuildConfiguration;
			buildSettings = {
				BUNDLE_LOADER = "$(TEST_HOST)";
				INFOPLIST_FILE = HealthAppTests/Info.plist;
				LD_RUNPATH_SEARCH_PATHS = "$(inherited) @executable_path/Frameworks @loader_path/Frameworks";
				PRODUCT_BUNDLE_IDENTIFIER = com.jaykanugo.HealthAppTests;
				PRODUCT_NAME = "$(TARGET_NAME)";
				TEST_HOST = "$(BUILT_PRODUCTS_DIR)/HealthApp.app/HealthApp";
			};
			name = Release;
		};
		F4484F211D05B9BA0050A5D0 /* Debug */ = {
			isa = XCBuildConfiguration;
			buildSettings = {
				INFOPLIST_FILE = HealthAppUITests/Info.plist;
				LD_RUNPATH_SEARCH_PATHS = "$(inherited) @executable_path/Frameworks @loader_path/Frameworks";
				PRODUCT_BUNDLE_IDENTIFIER = com.jaykanugo.HealthAppUITests;
				PRODUCT_NAME = "$(TARGET_NAME)";
				TEST_TARGET_NAME = HealthApp;
			};
			name = Debug;
		};
		F4484F221D05B9BA0050A5D0 /* Release */ = {
			isa = XCBuildConfiguration;
			buildSettings = {
				INFOPLIST_FILE = HealthAppUITests/Info.plist;
				LD_RUNPATH_SEARCH_PATHS = "$(inherited) @executable_path/Frameworks @loader_path/Frameworks";
				PRODUCT_BUNDLE_IDENTIFIER = com.jaykanugo.HealthAppUITests;
				PRODUCT_NAME = "$(TARGET_NAME)";
				TEST_TARGET_NAME = HealthApp;
			};
			name = Release;
		};
/* End XCBuildConfiguration section */

/* Begin XCConfigurationList section */
		F4484EED1D05B9B90050A5D0 /* Build configuration list for PBXProject "HealthApp" */ = {
			isa = XCConfigurationList;
			buildConfigurations = (
				F4484F181D05B9BA0050A5D0 /* Debug */,
				F4484F191D05B9BA0050A5D0 /* Release */,
			);
			defaultConfigurationIsVisible = 0;
			defaultConfigurationName = Release;
		};
		F4484F1A1D05B9BA0050A5D0 /* Build configuration list for PBXNativeTarget "HealthApp" */ = {
			isa = XCConfigurationList;
			buildConfigurations = (
				F4484F1B1D05B9BA0050A5D0 /* Debug */,
				F4484F1C1D05B9BA0050A5D0 /* Release */,
			);
			defaultConfigurationIsVisible = 0;
			defaultConfigurationName = Release;
		};
		F4484F1D1D05B9BA0050A5D0 /* Build configuration list for PBXNativeTarget "HealthAppTests" */ = {
			isa = XCConfigurationList;
			buildConfigurations = (
				F4484F1E1D05B9BA0050A5D0 /* Debug */,
				F4484F1F1D05B9BA0050A5D0 /* Release */,
			);
			defaultConfigurationIsVisible = 0;
			defaultConfigurationName = Release;
		};
		F4484F201D05B9BA0050A5D0 /* Build configuration list for PBXNativeTarget "HealthAppUITests" */ = {
			isa = XCConfigurationList;
			buildConfigurations = (
				F4484F211D05B9BA0050A5D0 /* Debug */,
				F4484F221D05B9BA0050A5D0 /* Release */,
			);
			defaultConfigurationIsVisible = 0;
			defaultConfigurationName = Release;
		};
/* End XCConfigurationList section */
	};
	rootObject = F4484EEA1D05B9B90050A5D0 /* Project object */;
}
